// !$*UTF8*$!
{
	archiveVersion = 1;
	classes = {
	};
	objectVersion = 50;
	objects = {

/* Begin PBXBuildFile section */
		4A641BB35D9E611834C82413 /* libPods-TransportCV-TransportCVUITests.a in Frameworks */ = {isa = PBXBuildFile; fileRef = C69651B586D92D10CCCDC45A /* libPods-TransportCV-TransportCVUITests.a */; };
		8522944A23E8299800219718 /* VehicleType.swift in Sources */ = {isa = PBXBuildFile; fileRef = 8522944923E8299800219718 /* VehicleType.swift */; };
		8522944C23E8323B00219718 /* RouteConvertible.swift in Sources */ = {isa = PBXBuildFile; fileRef = 8522944B23E8323B00219718 /* RouteConvertible.swift */; };
		8522944E23E8325300219718 /* Route.swift in Sources */ = {isa = PBXBuildFile; fileRef = 8522944D23E8325300219718 /* Route.swift */; };
		8522945023E8331500219718 /* Provider.swift in Sources */ = {isa = PBXBuildFile; fileRef = 8522944F23E8331500219718 /* Provider.swift */; };
		8524866723B3BCF600E7D26F /* AppDelegate.swift in Sources */ = {isa = PBXBuildFile; fileRef = 8524866623B3BCF600E7D26F /* AppDelegate.swift */; };
		8524866923B3BCF600E7D26F /* SceneDelegate.swift in Sources */ = {isa = PBXBuildFile; fileRef = 8524866823B3BCF600E7D26F /* SceneDelegate.swift */; };
		8524866E23B3BCF600E7D26F /* Main.storyboard in Resources */ = {isa = PBXBuildFile; fileRef = 8524866C23B3BCF600E7D26F /* Main.storyboard */; };
		8524867023B3BCFA00E7D26F /* Assets.xcassets in Resources */ = {isa = PBXBuildFile; fileRef = 8524866F23B3BCFA00E7D26F /* Assets.xcassets */; };
		8524867323B3BCFA00E7D26F /* LaunchScreen.storyboard in Resources */ = {isa = PBXBuildFile; fileRef = 8524867123B3BCFA00E7D26F /* LaunchScreen.storyboard */; };
		8524867E23B3BCFA00E7D26F /* TransportCVTests.swift in Sources */ = {isa = PBXBuildFile; fileRef = 8524867D23B3BCFA00E7D26F /* TransportCVTests.swift */; };
		8524868923B3BCFA00E7D26F /* TransportCVUITests.swift in Sources */ = {isa = PBXBuildFile; fileRef = 8524868823B3BCFA00E7D26F /* TransportCVUITests.swift */; };
		8524869723B3BD3B00E7D26F /* MapViewController.swift in Sources */ = {isa = PBXBuildFile; fileRef = 8524869623B3BD3B00E7D26F /* MapViewController.swift */; };
		8526749A23B5038C00210509 /* Request.swift in Sources */ = {isa = PBXBuildFile; fileRef = 8526749923B5038C00210509 /* Request.swift */; };
		8526749C23B504AE00210509 /* APITargetType.swift in Sources */ = {isa = PBXBuildFile; fileRef = 8526749B23B504AE00210509 /* APITargetType.swift */; };
		852674A023B5064C00210509 /* JSONExtension.swift in Sources */ = {isa = PBXBuildFile; fileRef = 8526749F23B5064C00210509 /* JSONExtension.swift */; };
		852674A223B506D300210509 /* Handler.swift in Sources */ = {isa = PBXBuildFile; fileRef = 852674A123B506D300210509 /* Handler.swift */; };
		852674A523B5103500210509 /* TransGPSTracker.swift in Sources */ = {isa = PBXBuildFile; fileRef = 852674A423B5103500210509 /* TransGPSTracker.swift */; };
		852674A723B5104B00210509 /* DesydeTracker.swift in Sources */ = {isa = PBXBuildFile; fileRef = 852674A623B5104B00210509 /* DesydeTracker.swift */; };
		854FFA6E23C6915600A2570F /* Storage.swift in Sources */ = {isa = PBXBuildFile; fileRef = 854FFA6D23C6915600A2570F /* Storage.swift */; };
		85546F3B23B4E9D70050045A /* TransGPSAPI.swift in Sources */ = {isa = PBXBuildFile; fileRef = 85546F3A23B4E9D70050045A /* TransGPSAPI.swift */; };
		85546F3D23B4E9EC0050045A /* DesydeAPI.swift in Sources */ = {isa = PBXBuildFile; fileRef = 85546F3C23B4E9EC0050045A /* DesydeAPI.swift */; };
		855C157323BA4C620062ABD5 /* DesydeRoute.swift in Sources */ = {isa = PBXBuildFile; fileRef = 855C157223BA4C620062ABD5 /* DesydeRoute.swift */; };
		855C157523BA56FC0062ABD5 /* TransGPSRoute.swift in Sources */ = {isa = PBXBuildFile; fileRef = 855C157423BA56FC0062ABD5 /* TransGPSRoute.swift */; };
		855CC8E923C9E3B200CE805C /* TrackerAnnotationView.swift in Sources */ = {isa = PBXBuildFile; fileRef = 855CC8E823C9E3B200CE805C /* TrackerAnnotationView.swift */; };
		855CC8EB23C9E5D800CE805C /* TrackerAnnotation.swift in Sources */ = {isa = PBXBuildFile; fileRef = 855CC8EA23C9E5D800CE805C /* TrackerAnnotation.swift */; };
		856D0B4923EAD619004B9A3D /* Vehicle.swift in Sources */ = {isa = PBXBuildFile; fileRef = 856D0B4823EAD619004B9A3D /* Vehicle.swift */; };
		856E8F4E23F5BDEA00960EF1 /* TrackerStore.swift in Sources */ = {isa = PBXBuildFile; fileRef = 856E8F4D23F5BDEA00960EF1 /* TrackerStore.swift */; };
		85811F3123EB4139009673A4 /* Updatable.swift in Sources */ = {isa = PBXBuildFile; fileRef = 85811F3023EB4139009673A4 /* Updatable.swift */; };
		8595898B23C61CFC005AF3C9 /* RoutesTableViewController.swift in Sources */ = {isa = PBXBuildFile; fileRef = 8595898A23C61CFC005AF3C9 /* RoutesTableViewController.swift */; };
		8595899223C629C6005AF3C9 /* RouteKey.swift in Sources */ = {isa = PBXBuildFile; fileRef = 8595899123C629C6005AF3C9 /* RouteKey.swift */; };
		8595899423C629EB005AF3C9 /* RouteStore.swift in Sources */ = {isa = PBXBuildFile; fileRef = 8595899323C629EB005AF3C9 /* RouteStore.swift */; };
		859E14F623E9F23C0085347F /* Tracker.swift in Sources */ = {isa = PBXBuildFile; fileRef = 859E14F523E9F23C0085347F /* Tracker.swift */; };
		859E14F823E9F27B0085347F /* TrackerConvertible.swift in Sources */ = {isa = PBXBuildFile; fileRef = 859E14F723E9F27B0085347F /* TrackerConvertible.swift */; };
		85AC53BB23CBCEFD00146800 /* PointerView.swift in Sources */ = {isa = PBXBuildFile; fileRef = 85AC53BA23CBCEFD00146800 /* PointerView.swift */; };
		85FB07ED23D5E9FC00FF13AD /* MapRegion.swift in Sources */ = {isa = PBXBuildFile; fileRef = 85FB07EC23D5E9FC00FF13AD /* MapRegion.swift */; };
		AEE7A197A875564F0B6DA68C /* libPods-TransportCV.a in Frameworks */ = {isa = PBXBuildFile; fileRef = 340E5BB3CC97FC51EFA893FB /* libPods-TransportCV.a */; };
		FC2E03742AA56B7F0DE0970F /* libPods-TransportCVTests.a in Frameworks */ = {isa = PBXBuildFile; fileRef = E02494801E5D29B8DCD8B2F1 /* libPods-TransportCVTests.a */; };
/* End PBXBuildFile section */

/* Begin PBXContainerItemProxy section */
		8524867A23B3BCFA00E7D26F /* PBXContainerItemProxy */ = {
			isa = PBXContainerItemProxy;
			containerPortal = 8524865B23B3BCF600E7D26F /* Project object */;
			proxyType = 1;
			remoteGlobalIDString = 8524866223B3BCF600E7D26F;
			remoteInfo = TransportCV;
		};
		8524868523B3BCFA00E7D26F /* PBXContainerItemProxy */ = {
			isa = PBXContainerItemProxy;
			containerPortal = 8524865B23B3BCF600E7D26F /* Project object */;
			proxyType = 1;
			remoteGlobalIDString = 8524866223B3BCF600E7D26F;
			remoteInfo = TransportCV;
		};
/* End PBXContainerItemProxy section */

/* Begin PBXFileReference section */
		05AF448F1E46608CF7C2F7F3 /* Pods-TransportCVTests.release.xcconfig */ = {isa = PBXFileReference; includeInIndex = 1; lastKnownFileType = text.xcconfig; name = "Pods-TransportCVTests.release.xcconfig"; path = "Target Support Files/Pods-TransportCVTests/Pods-TransportCVTests.release.xcconfig"; sourceTree = "<group>"; };
		340E5BB3CC97FC51EFA893FB /* libPods-TransportCV.a */ = {isa = PBXFileReference; explicitFileType = archive.ar; includeInIndex = 0; path = "libPods-TransportCV.a"; sourceTree = BUILT_PRODUCTS_DIR; };
		7DD6E93586DB74DE8356BFE8 /* Pods-TransportCV-TransportCVUITests.release.xcconfig */ = {isa = PBXFileReference; includeInIndex = 1; lastKnownFileType = text.xcconfig; name = "Pods-TransportCV-TransportCVUITests.release.xcconfig"; path = "Target Support Files/Pods-TransportCV-TransportCVUITests/Pods-TransportCV-TransportCVUITests.release.xcconfig"; sourceTree = "<group>"; };
		8522944923E8299800219718 /* VehicleType.swift */ = {isa = PBXFileReference; lastKnownFileType = sourcecode.swift; path = VehicleType.swift; sourceTree = "<group>"; };
		8522944B23E8323B00219718 /* RouteConvertible.swift */ = {isa = PBXFileReference; lastKnownFileType = sourcecode.swift; path = RouteConvertible.swift; sourceTree = "<group>"; };
		8522944D23E8325300219718 /* Route.swift */ = {isa = PBXFileReference; lastKnownFileType = sourcecode.swift; path = Route.swift; sourceTree = "<group>"; };
		8522944F23E8331500219718 /* Provider.swift */ = {isa = PBXFileReference; lastKnownFileType = sourcecode.swift; path = Provider.swift; sourceTree = "<group>"; };
		8524866323B3BCF600E7D26F /* TransportCV.app */ = {isa = PBXFileReference; explicitFileType = wrapper.application; includeInIndex = 0; path = TransportCV.app; sourceTree = BUILT_PRODUCTS_DIR; };
		8524866623B3BCF600E7D26F /* AppDelegate.swift */ = {isa = PBXFileReference; lastKnownFileType = sourcecode.swift; path = AppDelegate.swift; sourceTree = "<group>"; };
		8524866823B3BCF600E7D26F /* SceneDelegate.swift */ = {isa = PBXFileReference; lastKnownFileType = sourcecode.swift; path = SceneDelegate.swift; sourceTree = "<group>"; };
		8524866D23B3BCF600E7D26F /* Base */ = {isa = PBXFileReference; lastKnownFileType = file.storyboard; name = Base; path = Base.lproj/Main.storyboard; sourceTree = "<group>"; };
		8524866F23B3BCFA00E7D26F /* Assets.xcassets */ = {isa = PBXFileReference; lastKnownFileType = folder.assetcatalog; path = Assets.xcassets; sourceTree = "<group>"; };
		8524867223B3BCFA00E7D26F /* Base */ = {isa = PBXFileReference; lastKnownFileType = file.storyboard; name = Base; path = Base.lproj/LaunchScreen.storyboard; sourceTree = "<group>"; };
		8524867423B3BCFA00E7D26F /* Info.plist */ = {isa = PBXFileReference; lastKnownFileType = text.plist.xml; path = Info.plist; sourceTree = "<group>"; };
		8524867923B3BCFA00E7D26F /* TransportCVTests.xctest */ = {isa = PBXFileReference; explicitFileType = wrapper.cfbundle; includeInIndex = 0; path = TransportCVTests.xctest; sourceTree = BUILT_PRODUCTS_DIR; };
		8524867D23B3BCFA00E7D26F /* TransportCVTests.swift */ = {isa = PBXFileReference; lastKnownFileType = sourcecode.swift; path = TransportCVTests.swift; sourceTree = "<group>"; };
		8524867F23B3BCFA00E7D26F /* Info.plist */ = {isa = PBXFileReference; lastKnownFileType = text.plist.xml; path = Info.plist; sourceTree = "<group>"; };
		8524868423B3BCFA00E7D26F /* TransportCVUITests.xctest */ = {isa = PBXFileReference; explicitFileType = wrapper.cfbundle; includeInIndex = 0; path = TransportCVUITests.xctest; sourceTree = BUILT_PRODUCTS_DIR; };
		8524868823B3BCFA00E7D26F /* TransportCVUITests.swift */ = {isa = PBXFileReference; lastKnownFileType = sourcecode.swift; path = TransportCVUITests.swift; sourceTree = "<group>"; };
		8524868A23B3BCFA00E7D26F /* Info.plist */ = {isa = PBXFileReference; lastKnownFileType = text.plist.xml; path = Info.plist; sourceTree = "<group>"; };
		8524869623B3BD3B00E7D26F /* MapViewController.swift */ = {isa = PBXFileReference; lastKnownFileType = sourcecode.swift; path = MapViewController.swift; sourceTree = "<group>"; };
		8526749923B5038C00210509 /* Request.swift */ = {isa = PBXFileReference; lastKnownFileType = sourcecode.swift; path = Request.swift; sourceTree = "<group>"; };
		8526749B23B504AE00210509 /* APITargetType.swift */ = {isa = PBXFileReference; lastKnownFileType = sourcecode.swift; path = APITargetType.swift; sourceTree = "<group>"; };
		8526749F23B5064C00210509 /* JSONExtension.swift */ = {isa = PBXFileReference; lastKnownFileType = sourcecode.swift; path = JSONExtension.swift; sourceTree = "<group>"; };
		852674A123B506D300210509 /* Handler.swift */ = {isa = PBXFileReference; lastKnownFileType = sourcecode.swift; path = Handler.swift; sourceTree = "<group>"; };
		852674A423B5103500210509 /* TransGPSTracker.swift */ = {isa = PBXFileReference; lastKnownFileType = sourcecode.swift; path = TransGPSTracker.swift; sourceTree = "<group>"; };
		852674A623B5104B00210509 /* DesydeTracker.swift */ = {isa = PBXFileReference; lastKnownFileType = sourcecode.swift; path = DesydeTracker.swift; sourceTree = "<group>"; };
		854FFA6D23C6915600A2570F /* Storage.swift */ = {isa = PBXFileReference; lastKnownFileType = sourcecode.swift; path = Storage.swift; sourceTree = "<group>"; };
		85546F3A23B4E9D70050045A /* TransGPSAPI.swift */ = {isa = PBXFileReference; lastKnownFileType = sourcecode.swift; path = TransGPSAPI.swift; sourceTree = "<group>"; };
		85546F3C23B4E9EC0050045A /* DesydeAPI.swift */ = {isa = PBXFileReference; lastKnownFileType = sourcecode.swift; path = DesydeAPI.swift; sourceTree = "<group>"; };
		855C157223BA4C620062ABD5 /* DesydeRoute.swift */ = {isa = PBXFileReference; lastKnownFileType = sourcecode.swift; path = DesydeRoute.swift; sourceTree = "<group>"; };
		855C157423BA56FC0062ABD5 /* TransGPSRoute.swift */ = {isa = PBXFileReference; lastKnownFileType = sourcecode.swift; path = TransGPSRoute.swift; sourceTree = "<group>"; };
		855CC8E823C9E3B200CE805C /* TrackerAnnotationView.swift */ = {isa = PBXFileReference; lastKnownFileType = sourcecode.swift; path = TrackerAnnotationView.swift; sourceTree = "<group>"; };
		855CC8EA23C9E5D800CE805C /* TrackerAnnotation.swift */ = {isa = PBXFileReference; lastKnownFileType = sourcecode.swift; path = TrackerAnnotation.swift; sourceTree = "<group>"; };
		856D0B4823EAD619004B9A3D /* Vehicle.swift */ = {isa = PBXFileReference; lastKnownFileType = sourcecode.swift; path = Vehicle.swift; sourceTree = "<group>"; };
		856E8F4D23F5BDEA00960EF1 /* TrackerStore.swift */ = {isa = PBXFileReference; lastKnownFileType = sourcecode.swift; path = TrackerStore.swift; sourceTree = "<group>"; };
		85811F3023EB4139009673A4 /* Updatable.swift */ = {isa = PBXFileReference; lastKnownFileType = sourcecode.swift; path = Updatable.swift; sourceTree = "<group>"; };
		8595898A23C61CFC005AF3C9 /* RoutesTableViewController.swift */ = {isa = PBXFileReference; lastKnownFileType = sourcecode.swift; path = RoutesTableViewController.swift; sourceTree = "<group>"; };
		8595899123C629C6005AF3C9 /* RouteKey.swift */ = {isa = PBXFileReference; lastKnownFileType = sourcecode.swift; path = RouteKey.swift; sourceTree = "<group>"; };
		8595899323C629EB005AF3C9 /* RouteStore.swift */ = {isa = PBXFileReference; lastKnownFileType = sourcecode.swift; path = RouteStore.swift; sourceTree = "<group>"; };
		859E14F523E9F23C0085347F /* Tracker.swift */ = {isa = PBXFileReference; lastKnownFileType = sourcecode.swift; path = Tracker.swift; sourceTree = "<group>"; };
		859E14F723E9F27B0085347F /* TrackerConvertible.swift */ = {isa = PBXFileReference; lastKnownFileType = sourcecode.swift; path = TrackerConvertible.swift; sourceTree = "<group>"; };
		85AC53BA23CBCEFD00146800 /* PointerView.swift */ = {isa = PBXFileReference; lastKnownFileType = sourcecode.swift; path = PointerView.swift; sourceTree = "<group>"; };
		85FB07EC23D5E9FC00FF13AD /* MapRegion.swift */ = {isa = PBXFileReference; lastKnownFileType = sourcecode.swift; path = MapRegion.swift; sourceTree = "<group>"; };
		98A172E48307F7450CFB5775 /* Pods-TransportCV-TransportCVUITests.debug.xcconfig */ = {isa = PBXFileReference; includeInIndex = 1; lastKnownFileType = text.xcconfig; name = "Pods-TransportCV-TransportCVUITests.debug.xcconfig"; path = "Target Support Files/Pods-TransportCV-TransportCVUITests/Pods-TransportCV-TransportCVUITests.debug.xcconfig"; sourceTree = "<group>"; };
		A8B72F169666667D5C5AD318 /* Pods-TransportCV.debug.xcconfig */ = {isa = PBXFileReference; includeInIndex = 1; lastKnownFileType = text.xcconfig; name = "Pods-TransportCV.debug.xcconfig"; path = "Target Support Files/Pods-TransportCV/Pods-TransportCV.debug.xcconfig"; sourceTree = "<group>"; };
		AB25B7A21C386BE6D9BB1400 /* Pods-TransportCVTests.debug.xcconfig */ = {isa = PBXFileReference; includeInIndex = 1; lastKnownFileType = text.xcconfig; name = "Pods-TransportCVTests.debug.xcconfig"; path = "Target Support Files/Pods-TransportCVTests/Pods-TransportCVTests.debug.xcconfig"; sourceTree = "<group>"; };
		C69651B586D92D10CCCDC45A /* libPods-TransportCV-TransportCVUITests.a */ = {isa = PBXFileReference; explicitFileType = archive.ar; includeInIndex = 0; path = "libPods-TransportCV-TransportCVUITests.a"; sourceTree = BUILT_PRODUCTS_DIR; };
		DA0EE5BC62C38839C22171D9 /* Pods-TransportCV.release.xcconfig */ = {isa = PBXFileReference; includeInIndex = 1; lastKnownFileType = text.xcconfig; name = "Pods-TransportCV.release.xcconfig"; path = "Target Support Files/Pods-TransportCV/Pods-TransportCV.release.xcconfig"; sourceTree = "<group>"; };
		E02494801E5D29B8DCD8B2F1 /* libPods-TransportCVTests.a */ = {isa = PBXFileReference; explicitFileType = archive.ar; includeInIndex = 0; path = "libPods-TransportCVTests.a"; sourceTree = BUILT_PRODUCTS_DIR; };
/* End PBXFileReference section */

/* Begin PBXFrameworksBuildPhase section */
		8524866023B3BCF600E7D26F /* Frameworks */ = {
			isa = PBXFrameworksBuildPhase;
			buildActionMask = 2147483647;
			files = (
				AEE7A197A875564F0B6DA68C /* libPods-TransportCV.a in Frameworks */,
			);
			runOnlyForDeploymentPostprocessing = 0;
		};
		8524867623B3BCFA00E7D26F /* Frameworks */ = {
			isa = PBXFrameworksBuildPhase;
			buildActionMask = 2147483647;
			files = (
				FC2E03742AA56B7F0DE0970F /* libPods-TransportCVTests.a in Frameworks */,
			);
			runOnlyForDeploymentPostprocessing = 0;
		};
		8524868123B3BCFA00E7D26F /* Frameworks */ = {
			isa = PBXFrameworksBuildPhase;
			buildActionMask = 2147483647;
			files = (
				4A641BB35D9E611834C82413 /* libPods-TransportCV-TransportCVUITests.a in Frameworks */,
			);
			runOnlyForDeploymentPostprocessing = 0;
		};
/* End PBXFrameworksBuildPhase section */

/* Begin PBXGroup section */
		498496E9AB92D5D81106151E /* Pods */ = {
			isa = PBXGroup;
			children = (
				A8B72F169666667D5C5AD318 /* Pods-TransportCV.debug.xcconfig */,
				DA0EE5BC62C38839C22171D9 /* Pods-TransportCV.release.xcconfig */,
				98A172E48307F7450CFB5775 /* Pods-TransportCV-TransportCVUITests.debug.xcconfig */,
				7DD6E93586DB74DE8356BFE8 /* Pods-TransportCV-TransportCVUITests.release.xcconfig */,
				AB25B7A21C386BE6D9BB1400 /* Pods-TransportCVTests.debug.xcconfig */,
				05AF448F1E46608CF7C2F7F3 /* Pods-TransportCVTests.release.xcconfig */,
			);
			path = Pods;
			sourceTree = "<group>";
		};
		62C590452EDB240F1310FF91 /* Frameworks */ = {
			isa = PBXGroup;
			children = (
				340E5BB3CC97FC51EFA893FB /* libPods-TransportCV.a */,
				C69651B586D92D10CCCDC45A /* libPods-TransportCV-TransportCVUITests.a */,
				E02494801E5D29B8DCD8B2F1 /* libPods-TransportCVTests.a */,
			);
			name = Frameworks;
			sourceTree = "<group>";
		};
		8524865A23B3BCF600E7D26F = {
			isa = PBXGroup;
			children = (
				8524866523B3BCF600E7D26F /* TransportCV */,
				8524867C23B3BCFA00E7D26F /* TransportCVTests */,
				8524868723B3BCFA00E7D26F /* TransportCVUITests */,
				8524866423B3BCF600E7D26F /* Products */,
				498496E9AB92D5D81106151E /* Pods */,
				62C590452EDB240F1310FF91 /* Frameworks */,
			);
			sourceTree = "<group>";
		};
		8524866423B3BCF600E7D26F /* Products */ = {
			isa = PBXGroup;
			children = (
				8524866323B3BCF600E7D26F /* TransportCV.app */,
				8524867923B3BCFA00E7D26F /* TransportCVTests.xctest */,
				8524868423B3BCFA00E7D26F /* TransportCVUITests.xctest */,
			);
			name = Products;
			sourceTree = "<group>";
		};
		8524866523B3BCF600E7D26F /* TransportCV */ = {
			isa = PBXGroup;
			children = (
				8595898923C61CAD005AF3C9 /* Views */,
				852674A323B50FEF00210509 /* Models */,
				85546F3923B4E99C0050045A /* API */,
				8524866623B3BCF600E7D26F /* AppDelegate.swift */,
				8524866823B3BCF600E7D26F /* SceneDelegate.swift */,
				8524866C23B3BCF600E7D26F /* Main.storyboard */,
				8524866F23B3BCFA00E7D26F /* Assets.xcassets */,
				8524867123B3BCFA00E7D26F /* LaunchScreen.storyboard */,
				8524867423B3BCFA00E7D26F /* Info.plist */,
			);
			path = TransportCV;
			sourceTree = "<group>";
		};
		8524867C23B3BCFA00E7D26F /* TransportCVTests */ = {
			isa = PBXGroup;
			children = (
				8524867D23B3BCFA00E7D26F /* TransportCVTests.swift */,
				8524867F23B3BCFA00E7D26F /* Info.plist */,
			);
			path = TransportCVTests;
			sourceTree = "<group>";
		};
		8524868723B3BCFA00E7D26F /* TransportCVUITests */ = {
			isa = PBXGroup;
			children = (
				8524868823B3BCFA00E7D26F /* TransportCVUITests.swift */,
				8524868A23B3BCFA00E7D26F /* Info.plist */,
			);
			path = TransportCVUITests;
			sourceTree = "<group>";
		};
		852674A323B50FEF00210509 /* Models */ = {
			isa = PBXGroup;
			children = (
				8595898D23C62915005AF3C9 /* TransGPS */,
				8595898E23C62926005AF3C9 /* Desyde */,
				8595898C23C628FE005AF3C9 /* Generic */,
				85FB07EC23D5E9FC00FF13AD /* MapRegion.swift */,
				85811F3023EB4139009673A4 /* Updatable.swift */,
				852674A123B506D300210509 /* Handler.swift */,
				8526749F23B5064C00210509 /* JSONExtension.swift */,
				854FFA6D23C6915600A2570F /* Storage.swift */,
			);
			path = Models;
			sourceTree = "<group>";
		};
		85546F3923B4E99C0050045A /* API */ = {
			isa = PBXGroup;
			children = (
				85546F3A23B4E9D70050045A /* TransGPSAPI.swift */,
				85546F3C23B4E9EC0050045A /* DesydeAPI.swift */,
				8526749923B5038C00210509 /* Request.swift */,
				8526749B23B504AE00210509 /* APITargetType.swift */,
			);
			path = API;
			sourceTree = "<group>";
		};
		8595898923C61CAD005AF3C9 /* Views */ = {
			isa = PBXGroup;
			children = (
				8524869623B3BD3B00E7D26F /* MapViewController.swift */,
				8595898A23C61CFC005AF3C9 /* RoutesTableViewController.swift */,
				855CC8E823C9E3B200CE805C /* TrackerAnnotationView.swift */,
				85AC53BA23CBCEFD00146800 /* PointerView.swift */,
			);
			path = Views;
			sourceTree = "<group>";
		};
		8595898C23C628FE005AF3C9 /* Generic */ = {
			isa = PBXGroup;
			children = (
				8522944F23E8331500219718 /* Provider.swift */,
				8522944923E8299800219718 /* VehicleType.swift */,
				8595899123C629C6005AF3C9 /* RouteKey.swift */,
				8522944B23E8323B00219718 /* RouteConvertible.swift */,
				8522944D23E8325300219718 /* Route.swift */,
				856D0B4823EAD619004B9A3D /* Vehicle.swift */,
				859E14F723E9F27B0085347F /* TrackerConvertible.swift */,
				859E14F523E9F23C0085347F /* Tracker.swift */,
				8595899323C629EB005AF3C9 /* RouteStore.swift */,
				856E8F4D23F5BDEA00960EF1 /* TrackerStore.swift */,
				855CC8EA23C9E5D800CE805C /* TrackerAnnotation.swift */,
			);
			path = Generic;
			sourceTree = "<group>";
		};
		8595898D23C62915005AF3C9 /* TransGPS */ = {
			isa = PBXGroup;
			children = (
				855C157423BA56FC0062ABD5 /* TransGPSRoute.swift */,
				852674A423B5103500210509 /* TransGPSTracker.swift */,
			);
			path = TransGPS;
			sourceTree = "<group>";
		};
		8595898E23C62926005AF3C9 /* Desyde */ = {
			isa = PBXGroup;
			children = (
				855C157223BA4C620062ABD5 /* DesydeRoute.swift */,
				852674A623B5104B00210509 /* DesydeTracker.swift */,
			);
			path = Desyde;
			sourceTree = "<group>";
		};
/* End PBXGroup section */

/* Begin PBXNativeTarget section */
		8524866223B3BCF600E7D26F /* TransportCV */ = {
			isa = PBXNativeTarget;
			buildConfigurationList = 8524868D23B3BCFA00E7D26F /* Build configuration list for PBXNativeTarget "TransportCV" */;
			buildPhases = (
				DBAA1DA21926C03411312EDF /* [CP] Check Pods Manifest.lock */,
				8524865F23B3BCF600E7D26F /* Sources */,
				8524866023B3BCF600E7D26F /* Frameworks */,
				8524866123B3BCF600E7D26F /* Resources */,
			);
			buildRules = (
			);
			dependencies = (
			);
			name = TransportCV;
			productName = TransportCV;
			productReference = 8524866323B3BCF600E7D26F /* TransportCV.app */;
			productType = "com.apple.product-type.application";
		};
		8524867823B3BCFA00E7D26F /* TransportCVTests */ = {
			isa = PBXNativeTarget;
			buildConfigurationList = 8524869023B3BCFA00E7D26F /* Build configuration list for PBXNativeTarget "TransportCVTests" */;
			buildPhases = (
				4A1510463F46BB6402DCC72B /* [CP] Check Pods Manifest.lock */,
				8524867523B3BCFA00E7D26F /* Sources */,
				8524867623B3BCFA00E7D26F /* Frameworks */,
				8524867723B3BCFA00E7D26F /* Resources */,
			);
			buildRules = (
			);
			dependencies = (
				8524867B23B3BCFA00E7D26F /* PBXTargetDependency */,
			);
			name = TransportCVTests;
			productName = TransportCVTests;
			productReference = 8524867923B3BCFA00E7D26F /* TransportCVTests.xctest */;
			productType = "com.apple.product-type.bundle.unit-test";
		};
		8524868323B3BCFA00E7D26F /* TransportCVUITests */ = {
			isa = PBXNativeTarget;
			buildConfigurationList = 8524869323B3BCFA00E7D26F /* Build configuration list for PBXNativeTarget "TransportCVUITests" */;
			buildPhases = (
				AF216925955B1999E46413D1 /* [CP] Check Pods Manifest.lock */,
				8524868023B3BCFA00E7D26F /* Sources */,
				8524868123B3BCFA00E7D26F /* Frameworks */,
				8524868223B3BCFA00E7D26F /* Resources */,
			);
			buildRules = (
			);
			dependencies = (
				8524868623B3BCFA00E7D26F /* PBXTargetDependency */,
			);
			name = TransportCVUITests;
			productName = TransportCVUITests;
			productReference = 8524868423B3BCFA00E7D26F /* TransportCVUITests.xctest */;
			productType = "com.apple.product-type.bundle.ui-testing";
		};
/* End PBXNativeTarget section */

/* Begin PBXProject section */
		8524865B23B3BCF600E7D26F /* Project object */ = {
			isa = PBXProject;
			attributes = {
				LastSwiftUpdateCheck = 1130;
				LastUpgradeCheck = 1130;
				ORGANIZATIONNAME = OrbitalMan;
				TargetAttributes = {
					8524866223B3BCF600E7D26F = {
						CreatedOnToolsVersion = 11.3;
					};
					8524867823B3BCFA00E7D26F = {
						CreatedOnToolsVersion = 11.3;
						TestTargetID = 8524866223B3BCF600E7D26F;
					};
					8524868323B3BCFA00E7D26F = {
						CreatedOnToolsVersion = 11.3;
						TestTargetID = 8524866223B3BCF600E7D26F;
					};
				};
			};
			buildConfigurationList = 8524865E23B3BCF600E7D26F /* Build configuration list for PBXProject "TransportCV" */;
			compatibilityVersion = "Xcode 9.3";
			developmentRegion = en;
			hasScannedForEncodings = 0;
			knownRegions = (
				en,
				Base,
			);
			mainGroup = 8524865A23B3BCF600E7D26F;
			productRefGroup = 8524866423B3BCF600E7D26F /* Products */;
			projectDirPath = "";
			projectRoot = "";
			targets = (
				8524866223B3BCF600E7D26F /* TransportCV */,
				8524867823B3BCFA00E7D26F /* TransportCVTests */,
				8524868323B3BCFA00E7D26F /* TransportCVUITests */,
			);
		};
/* End PBXProject section */

/* Begin PBXResourcesBuildPhase section */
		8524866123B3BCF600E7D26F /* Resources */ = {
			isa = PBXResourcesBuildPhase;
			buildActionMask = 2147483647;
			files = (
				8524867323B3BCFA00E7D26F /* LaunchScreen.storyboard in Resources */,
				8524867023B3BCFA00E7D26F /* Assets.xcassets in Resources */,
				8524866E23B3BCF600E7D26F /* Main.storyboard in Resources */,
			);
			runOnlyForDeploymentPostprocessing = 0;
		};
		8524867723B3BCFA00E7D26F /* Resources */ = {
			isa = PBXResourcesBuildPhase;
			buildActionMask = 2147483647;
			files = (
			);
			runOnlyForDeploymentPostprocessing = 0;
		};
		8524868223B3BCFA00E7D26F /* Resources */ = {
			isa = PBXResourcesBuildPhase;
			buildActionMask = 2147483647;
			files = (
			);
			runOnlyForDeploymentPostprocessing = 0;
		};
/* End PBXResourcesBuildPhase section */

/* Begin PBXShellScriptBuildPhase section */
		4A1510463F46BB6402DCC72B /* [CP] Check Pods Manifest.lock */ = {
			isa = PBXShellScriptBuildPhase;
			buildActionMask = 2147483647;
			files = (
			);
			inputFileListPaths = (
			);
			inputPaths = (
				"${PODS_PODFILE_DIR_PATH}/Podfile.lock",
				"${PODS_ROOT}/Manifest.lock",
			);
			name = "[CP] Check Pods Manifest.lock";
			outputFileListPaths = (
			);
			outputPaths = (
				"$(DERIVED_FILE_DIR)/Pods-TransportCVTests-checkManifestLockResult.txt",
			);
			runOnlyForDeploymentPostprocessing = 0;
			shellPath = /bin/sh;
			shellScript = "diff \"${PODS_PODFILE_DIR_PATH}/Podfile.lock\" \"${PODS_ROOT}/Manifest.lock\" > /dev/null\nif [ $? != 0 ] ; then\n    # print error to STDERR\n    echo \"error: The sandbox is not in sync with the Podfile.lock. Run 'pod install' or update your CocoaPods installation.\" >&2\n    exit 1\nfi\n# This output is used by Xcode 'outputs' to avoid re-running this script phase.\necho \"SUCCESS\" > \"${SCRIPT_OUTPUT_FILE_0}\"\n";
			showEnvVarsInLog = 0;
		};
		AF216925955B1999E46413D1 /* [CP] Check Pods Manifest.lock */ = {
			isa = PBXShellScriptBuildPhase;
			buildActionMask = 2147483647;
			files = (
			);
			inputFileListPaths = (
			);
			inputPaths = (
				"${PODS_PODFILE_DIR_PATH}/Podfile.lock",
				"${PODS_ROOT}/Manifest.lock",
			);
			name = "[CP] Check Pods Manifest.lock";
			outputFileListPaths = (
			);
			outputPaths = (
				"$(DERIVED_FILE_DIR)/Pods-TransportCV-TransportCVUITests-checkManifestLockResult.txt",
			);
			runOnlyForDeploymentPostprocessing = 0;
			shellPath = /bin/sh;
			shellScript = "diff \"${PODS_PODFILE_DIR_PATH}/Podfile.lock\" \"${PODS_ROOT}/Manifest.lock\" > /dev/null\nif [ $? != 0 ] ; then\n    # print error to STDERR\n    echo \"error: The sandbox is not in sync with the Podfile.lock. Run 'pod install' or update your CocoaPods installation.\" >&2\n    exit 1\nfi\n# This output is used by Xcode 'outputs' to avoid re-running this script phase.\necho \"SUCCESS\" > \"${SCRIPT_OUTPUT_FILE_0}\"\n";
			showEnvVarsInLog = 0;
		};
		DBAA1DA21926C03411312EDF /* [CP] Check Pods Manifest.lock */ = {
			isa = PBXShellScriptBuildPhase;
			buildActionMask = 2147483647;
			files = (
			);
			inputFileListPaths = (
			);
			inputPaths = (
				"${PODS_PODFILE_DIR_PATH}/Podfile.lock",
				"${PODS_ROOT}/Manifest.lock",
			);
			name = "[CP] Check Pods Manifest.lock";
			outputFileListPaths = (
			);
			outputPaths = (
				"$(DERIVED_FILE_DIR)/Pods-TransportCV-checkManifestLockResult.txt",
			);
			runOnlyForDeploymentPostprocessing = 0;
			shellPath = /bin/sh;
			shellScript = "diff \"${PODS_PODFILE_DIR_PATH}/Podfile.lock\" \"${PODS_ROOT}/Manifest.lock\" > /dev/null\nif [ $? != 0 ] ; then\n    # print error to STDERR\n    echo \"error: The sandbox is not in sync with the Podfile.lock. Run 'pod install' or update your CocoaPods installation.\" >&2\n    exit 1\nfi\n# This output is used by Xcode 'outputs' to avoid re-running this script phase.\necho \"SUCCESS\" > \"${SCRIPT_OUTPUT_FILE_0}\"\n";
			showEnvVarsInLog = 0;
		};
/* End PBXShellScriptBuildPhase section */

/* Begin PBXSourcesBuildPhase section */
		8524865F23B3BCF600E7D26F /* Sources */ = {
			isa = PBXSourcesBuildPhase;
			buildActionMask = 2147483647;
			files = (
				8524866723B3BCF600E7D26F /* AppDelegate.swift in Sources */,
				8526749A23B5038C00210509 /* Request.swift in Sources */,
				855C157323BA4C620062ABD5 /* DesydeRoute.swift in Sources */,
				859E14F623E9F23C0085347F /* Tracker.swift in Sources */,
				85FB07ED23D5E9FC00FF13AD /* MapRegion.swift in Sources */,
				854FFA6E23C6915600A2570F /* Storage.swift in Sources */,
				855CC8E923C9E3B200CE805C /* TrackerAnnotationView.swift in Sources */,
				8524866923B3BCF600E7D26F /* SceneDelegate.swift in Sources */,
				852674A523B5103500210509 /* TransGPSTracker.swift in Sources */,
				8526749C23B504AE00210509 /* APITargetType.swift in Sources */,
				85546F3D23B4E9EC0050045A /* DesydeAPI.swift in Sources */,
				856D0B4923EAD619004B9A3D /* Vehicle.swift in Sources */,
				852674A023B5064C00210509 /* JSONExtension.swift in Sources */,
				8595899223C629C6005AF3C9 /* RouteKey.swift in Sources */,
				856E8F4E23F5BDEA00960EF1 /* TrackerStore.swift in Sources */,
				8522944C23E8323B00219718 /* RouteConvertible.swift in Sources */,
				8522945023E8331500219718 /* Provider.swift in Sources */,
				85811F3123EB4139009673A4 /* Updatable.swift in Sources */,
				859E14F823E9F27B0085347F /* TrackerConvertible.swift in Sources */,
				8595898B23C61CFC005AF3C9 /* RoutesTableViewController.swift in Sources */,
				852674A723B5104B00210509 /* DesydeTracker.swift in Sources */,
				8522944E23E8325300219718 /* Route.swift in Sources */,
				8595899423C629EB005AF3C9 /* RouteStore.swift in Sources */,
				8522944A23E8299800219718 /* VehicleType.swift in Sources */,
				855C157523BA56FC0062ABD5 /* TransGPSRoute.swift in Sources */,
				85AC53BB23CBCEFD00146800 /* PointerView.swift in Sources */,
				852674A223B506D300210509 /* Handler.swift in Sources */,
				855CC8EB23C9E5D800CE805C /* TrackerAnnotation.swift in Sources */,
				8524869723B3BD3B00E7D26F /* MapViewController.swift in Sources */,
				85546F3B23B4E9D70050045A /* TransGPSAPI.swift in Sources */,
			);
			runOnlyForDeploymentPostprocessing = 0;
		};
		8524867523B3BCFA00E7D26F /* Sources */ = {
			isa = PBXSourcesBuildPhase;
			buildActionMask = 2147483647;
			files = (
				8524867E23B3BCFA00E7D26F /* TransportCVTests.swift in Sources */,
			);
			runOnlyForDeploymentPostprocessing = 0;
		};
		8524868023B3BCFA00E7D26F /* Sources */ = {
			isa = PBXSourcesBuildPhase;
			buildActionMask = 2147483647;
			files = (
				8524868923B3BCFA00E7D26F /* TransportCVUITests.swift in Sources */,
			);
			runOnlyForDeploymentPostprocessing = 0;
		};
/* End PBXSourcesBuildPhase section */

/* Begin PBXTargetDependency section */
		8524867B23B3BCFA00E7D26F /* PBXTargetDependency */ = {
			isa = PBXTargetDependency;
			target = 8524866223B3BCF600E7D26F /* TransportCV */;
			targetProxy = 8524867A23B3BCFA00E7D26F /* PBXContainerItemProxy */;
		};
		8524868623B3BCFA00E7D26F /* PBXTargetDependency */ = {
			isa = PBXTargetDependency;
			target = 8524866223B3BCF600E7D26F /* TransportCV */;
			targetProxy = 8524868523B3BCFA00E7D26F /* PBXContainerItemProxy */;
		};
/* End PBXTargetDependency section */

/* Begin PBXVariantGroup section */
		8524866C23B3BCF600E7D26F /* Main.storyboard */ = {
			isa = PBXVariantGroup;
			children = (
				8524866D23B3BCF600E7D26F /* Base */,
			);
			name = Main.storyboard;
			sourceTree = "<group>";
		};
		8524867123B3BCFA00E7D26F /* LaunchScreen.storyboard */ = {
			isa = PBXVariantGroup;
			children = (
				8524867223B3BCFA00E7D26F /* Base */,
			);
			name = LaunchScreen.storyboard;
			sourceTree = "<group>";
		};
/* End PBXVariantGroup section */

/* Begin XCBuildConfiguration section */
		8524868B23B3BCFA00E7D26F /* Debug */ = {
			isa = XCBuildConfiguration;
			buildSettings = {
				ALWAYS_SEARCH_USER_PATHS = NO;
				CLANG_ANALYZER_NONNULL = YES;
				CLANG_ANALYZER_NUMBER_OBJECT_CONVERSION = YES_AGGRESSIVE;
				CLANG_CXX_LANGUAGE_STANDARD = "gnu++14";
				CLANG_CXX_LIBRARY = "libc++";
				CLANG_ENABLE_MODULES = YES;
				CLANG_ENABLE_OBJC_ARC = YES;
				CLANG_ENABLE_OBJC_WEAK = YES;
				CLANG_WARN_BLOCK_CAPTURE_AUTORELEASING = YES;
				CLANG_WARN_BOOL_CONVERSION = YES;
				CLANG_WARN_COMMA = YES;
				CLANG_WARN_CONSTANT_CONVERSION = YES;
				CLANG_WARN_DEPRECATED_OBJC_IMPLEMENTATIONS = YES;
				CLANG_WARN_DIRECT_OBJC_ISA_USAGE = YES_ERROR;
				CLANG_WARN_DOCUMENTATION_COMMENTS = YES;
				CLANG_WARN_EMPTY_BODY = YES;
				CLANG_WARN_ENUM_CONVERSION = YES;
				CLANG_WARN_INFINITE_RECURSION = YES;
				CLANG_WARN_INT_CONVERSION = YES;
				CLANG_WARN_NON_LITERAL_NULL_CONVERSION = YES;
				CLANG_WARN_OBJC_IMPLICIT_RETAIN_SELF = YES;
				CLANG_WARN_OBJC_LITERAL_CONVERSION = YES;
				CLANG_WARN_OBJC_ROOT_CLASS = YES_ERROR;
				CLANG_WARN_RANGE_LOOP_ANALYSIS = YES;
				CLANG_WARN_STRICT_PROTOTYPES = YES;
				CLANG_WARN_SUSPICIOUS_MOVE = YES;
				CLANG_WARN_UNGUARDED_AVAILABILITY = YES_AGGRESSIVE;
				CLANG_WARN_UNREACHABLE_CODE = YES;
				CLANG_WARN__DUPLICATE_METHOD_MATCH = YES;
				COPY_PHASE_STRIP = NO;
				DEBUG_INFORMATION_FORMAT = dwarf;
				ENABLE_STRICT_OBJC_MSGSEND = YES;
				ENABLE_TESTABILITY = YES;
				GCC_C_LANGUAGE_STANDARD = gnu11;
				GCC_DYNAMIC_NO_PIC = NO;
				GCC_NO_COMMON_BLOCKS = YES;
				GCC_OPTIMIZATION_LEVEL = 0;
				GCC_PREPROCESSOR_DEFINITIONS = (
					"DEBUG=1",
					"$(inherited)",
				);
				GCC_WARN_64_TO_32_BIT_CONVERSION = YES;
				GCC_WARN_ABOUT_RETURN_TYPE = YES_ERROR;
				GCC_WARN_UNDECLARED_SELECTOR = YES;
				GCC_WARN_UNINITIALIZED_AUTOS = YES_AGGRESSIVE;
				GCC_WARN_UNUSED_FUNCTION = YES;
				GCC_WARN_UNUSED_VARIABLE = YES;
				IPHONEOS_DEPLOYMENT_TARGET = 9.0;
				MTL_ENABLE_DEBUG_INFO = INCLUDE_SOURCE;
				MTL_FAST_MATH = YES;
				ONLY_ACTIVE_ARCH = YES;
				SDKROOT = iphoneos;
				SWIFT_ACTIVE_COMPILATION_CONDITIONS = DEBUG;
				SWIFT_OPTIMIZATION_LEVEL = "-Onone";
			};
			name = Debug;
		};
		8524868C23B3BCFA00E7D26F /* Release */ = {
			isa = XCBuildConfiguration;
			buildSettings = {
				ALWAYS_SEARCH_USER_PATHS = NO;
				CLANG_ANALYZER_NONNULL = YES;
				CLANG_ANALYZER_NUMBER_OBJECT_CONVERSION = YES_AGGRESSIVE;
				CLANG_CXX_LANGUAGE_STANDARD = "gnu++14";
				CLANG_CXX_LIBRARY = "libc++";
				CLANG_ENABLE_MODULES = YES;
				CLANG_ENABLE_OBJC_ARC = YES;
				CLANG_ENABLE_OBJC_WEAK = YES;
				CLANG_WARN_BLOCK_CAPTURE_AUTORELEASING = YES;
				CLANG_WARN_BOOL_CONVERSION = YES;
				CLANG_WARN_COMMA = YES;
				CLANG_WARN_CONSTANT_CONVERSION = YES;
				CLANG_WARN_DEPRECATED_OBJC_IMPLEMENTATIONS = YES;
				CLANG_WARN_DIRECT_OBJC_ISA_USAGE = YES_ERROR;
				CLANG_WARN_DOCUMENTATION_COMMENTS = YES;
				CLANG_WARN_EMPTY_BODY = YES;
				CLANG_WARN_ENUM_CONVERSION = YES;
				CLANG_WARN_INFINITE_RECURSION = YES;
				CLANG_WARN_INT_CONVERSION = YES;
				CLANG_WARN_NON_LITERAL_NULL_CONVERSION = YES;
				CLANG_WARN_OBJC_IMPLICIT_RETAIN_SELF = YES;
				CLANG_WARN_OBJC_LITERAL_CONVERSION = YES;
				CLANG_WARN_OBJC_ROOT_CLASS = YES_ERROR;
				CLANG_WARN_RANGE_LOOP_ANALYSIS = YES;
				CLANG_WARN_STRICT_PROTOTYPES = YES;
				CLANG_WARN_SUSPICIOUS_MOVE = YES;
				CLANG_WARN_UNGUARDED_AVAILABILITY = YES_AGGRESSIVE;
				CLANG_WARN_UNREACHABLE_CODE = YES;
				CLANG_WARN__DUPLICATE_METHOD_MATCH = YES;
				COPY_PHASE_STRIP = NO;
				DEBUG_INFORMATION_FORMAT = "dwarf-with-dsym";
				ENABLE_NS_ASSERTIONS = NO;
				ENABLE_STRICT_OBJC_MSGSEND = YES;
				GCC_C_LANGUAGE_STANDARD = gnu11;
				GCC_NO_COMMON_BLOCKS = YES;
				GCC_WARN_64_TO_32_BIT_CONVERSION = YES;
				GCC_WARN_ABOUT_RETURN_TYPE = YES_ERROR;
				GCC_WARN_UNDECLARED_SELECTOR = YES;
				GCC_WARN_UNINITIALIZED_AUTOS = YES_AGGRESSIVE;
				GCC_WARN_UNUSED_FUNCTION = YES;
				GCC_WARN_UNUSED_VARIABLE = YES;
				IPHONEOS_DEPLOYMENT_TARGET = 9.0;
				MTL_ENABLE_DEBUG_INFO = NO;
				MTL_FAST_MATH = YES;
				SDKROOT = iphoneos;
				SWIFT_COMPILATION_MODE = wholemodule;
				SWIFT_OPTIMIZATION_LEVEL = "-O";
				VALIDATE_PRODUCT = YES;
			};
			name = Release;
		};
		8524868E23B3BCFA00E7D26F /* Debug */ = {
			isa = XCBuildConfiguration;
			baseConfigurationReference = A8B72F169666667D5C5AD318 /* Pods-TransportCV.debug.xcconfig */;
			buildSettings = {
				ASSETCATALOG_COMPILER_APPICON_NAME = AppIcon;
				CODE_SIGN_IDENTITY = "Apple Development";
				CODE_SIGN_STYLE = Automatic;
				CURRENT_PROJECT_VERSION = 1;
				DEVELOPMENT_TEAM = 5AAE2CPYY6;
				INFOPLIST_FILE = TransportCV/Info.plist;
				IPHONEOS_DEPLOYMENT_TARGET = 9.0;
				LD_RUNPATH_SEARCH_PATHS = (
					"$(inherited)",
					"@executable_path/Frameworks",
				);
				MARKETING_VERSION = 0.1;
				PRODUCT_BUNDLE_IDENTIFIER = com.orbitalmanDev.TransportCVDev;
				PRODUCT_NAME = "$(TARGET_NAME)";
				PROVISIONING_PROFILE_SPECIFIER = "";
				SWIFT_VERSION = 5.0;
				TARGETED_DEVICE_FAMILY = "1,2";
			};
			name = Debug;
		};
		8524868F23B3BCFA00E7D26F /* Release */ = {
			isa = XCBuildConfiguration;
			baseConfigurationReference = DA0EE5BC62C38839C22171D9 /* Pods-TransportCV.release.xcconfig */;
			buildSettings = {
				ASSETCATALOG_COMPILER_APPICON_NAME = AppIcon;
				CODE_SIGN_IDENTITY = "Apple Development";
				CODE_SIGN_STYLE = Automatic;
				CURRENT_PROJECT_VERSION = 1;
				DEVELOPMENT_TEAM = 5AAE2CPYY6;
				INFOPLIST_FILE = TransportCV/Info.plist;
				IPHONEOS_DEPLOYMENT_TARGET = 9.0;
				LD_RUNPATH_SEARCH_PATHS = (
					"$(inherited)",
					"@executable_path/Frameworks",
				);
				MARKETING_VERSION = 0.1;
				PRODUCT_BUNDLE_IDENTIFIER = com.orbitalmanDev.TransportCVDev;
				PRODUCT_NAME = "$(TARGET_NAME)";
				PROVISIONING_PROFILE_SPECIFIER = "";
				SWIFT_VERSION = 5.0;
				TARGETED_DEVICE_FAMILY = "1,2";
			};
			name = Release;
		};
		8524869123B3BCFA00E7D26F /* Debug */ = {
			isa = XCBuildConfiguration;
			baseConfigurationReference = AB25B7A21C386BE6D9BB1400 /* Pods-TransportCVTests.debug.xcconfig */;
			buildSettings = {
				BUNDLE_LOADER = "$(TEST_HOST)";
				CODE_SIGN_STYLE = Automatic;
				DEVELOPMENT_TEAM = 5AAE2CPYY6;
				INFOPLIST_FILE = TransportCVTests/Info.plist;
				IPHONEOS_DEPLOYMENT_TARGET = 13.2;
				LD_RUNPATH_SEARCH_PATHS = (
					"$(inherited)",
					"@executable_path/Frameworks",
					"@loader_path/Frameworks",
				);
				PRODUCT_BUNDLE_IDENTIFIER = com.orbitalman.TransportCVTests;
				PRODUCT_NAME = "$(TARGET_NAME)";
				SWIFT_VERSION = 5.0;
				TARGETED_DEVICE_FAMILY = "1,2";
				TEST_HOST = "$(BUILT_PRODUCTS_DIR)/TransportCV.app/TransportCV";
			};
			name = Debug;
		};
		8524869223B3BCFA00E7D26F /* Release */ = {
			isa = XCBuildConfiguration;
			baseConfigurationReference = 05AF448F1E46608CF7C2F7F3 /* Pods-TransportCVTests.release.xcconfig */;
			buildSettings = {
				BUNDLE_LOADER = "$(TEST_HOST)";
				CODE_SIGN_STYLE = Automatic;
				DEVELOPMENT_TEAM = 5AAE2CPYY6;
				INFOPLIST_FILE = TransportCVTests/Info.plist;
				IPHONEOS_DEPLOYMENT_TARGET = 13.2;
				LD_RUNPATH_SEARCH_PATHS = (
					"$(inherited)",
					"@executable_path/Frameworks",
					"@loader_path/Frameworks",
				);
				PRODUCT_BUNDLE_IDENTIFIER = com.orbitalman.TransportCVTests;
				PRODUCT_NAME = "$(TARGET_NAME)";
				SWIFT_VERSION = 5.0;
				TARGETED_DEVICE_FAMILY = "1,2";
				TEST_HOST = "$(BUILT_PRODUCTS_DIR)/TransportCV.app/TransportCV";
			};
			name = Release;
		};
		8524869423B3BCFA00E7D26F /* Debug */ = {
			isa = XCBuildConfiguration;
			baseConfigurationReference = 98A172E48307F7450CFB5775 /* Pods-TransportCV-TransportCVUITests.debug.xcconfig */;
			buildSettings = {
				CODE_SIGN_STYLE = Automatic;
				DEVELOPMENT_TEAM = 5AAE2CPYY6;
				INFOPLIST_FILE = TransportCVUITests/Info.plist;
				LD_RUNPATH_SEARCH_PATHS = (
					"$(inherited)",
					"@executable_path/Frameworks",
					"@loader_path/Frameworks",
				);
				PRODUCT_BUNDLE_IDENTIFIER = com.orbitalman.TransportCVUITests;
				PRODUCT_NAME = "$(TARGET_NAME)";
				SWIFT_VERSION = 5.0;
				TARGETED_DEVICE_FAMILY = "1,2";
				TEST_TARGET_NAME = TransportCV;
			};
			name = Debug;
		};
		8524869523B3BCFA00E7D26F /* Release */ = {
			isa = XCBuildConfiguration;
			baseConfigurationReference = 7DD6E93586DB74DE8356BFE8 /* Pods-TransportCV-TransportCVUITests.release.xcconfig */;
			buildSettings = {
				CODE_SIGN_STYLE = Automatic;
				DEVELOPMENT_TEAM = 5AAE2CPYY6;
				INFOPLIST_FILE = TransportCVUITests/Info.plist;
				LD_RUNPATH_SEARCH_PATHS = (
					"$(inherited)",
					"@executable_path/Frameworks",
					"@loader_path/Frameworks",
				);
				PRODUCT_BUNDLE_IDENTIFIER = com.orbitalman.TransportCVUITests;
				PRODUCT_NAME = "$(TARGET_NAME)";
				SWIFT_VERSION = 5.0;
				TARGETED_DEVICE_FAMILY = "1,2";
				TEST_TARGET_NAME = TransportCV;
			};
			name = Release;
		};
/* End XCBuildConfiguration section */

/* Begin XCConfigurationList section */
		8524865E23B3BCF600E7D26F /* Build configuration list for PBXProject "TransportCV" */ = {
			isa = XCConfigurationList;
			buildConfigurations = (
				8524868B23B3BCFA00E7D26F /* Debug */,
				8524868C23B3BCFA00E7D26F /* Release */,
			);
			defaultConfigurationIsVisible = 0;
			defaultConfigurationName = Release;
		};
		8524868D23B3BCFA00E7D26F /* Build configuration list for PBXNativeTarget "TransportCV" */ = {
			isa = XCConfigurationList;
			buildConfigurations = (
				8524868E23B3BCFA00E7D26F /* Debug */,
				8524868F23B3BCFA00E7D26F /* Release */,
			);
			defaultConfigurationIsVisible = 0;
			defaultConfigurationName = Release;
		};
		8524869023B3BCFA00E7D26F /* Build configuration list for PBXNativeTarget "TransportCVTests" */ = {
			isa = XCConfigurationList;
			buildConfigurations = (
				8524869123B3BCFA00E7D26F /* Debug */,
				8524869223B3BCFA00E7D26F /* Release */,
			);
			defaultConfigurationIsVisible = 0;
			defaultConfigurationName = Release;
		};
		8524869323B3BCFA00E7D26F /* Build configuration list for PBXNativeTarget "TransportCVUITests" */ = {
			isa = XCConfigurationList;
			buildConfigurations = (
				8524869423B3BCFA00E7D26F /* Debug */,
				8524869523B3BCFA00E7D26F /* Release */,
			);
			defaultConfigurationIsVisible = 0;
			defaultConfigurationName = Release;
		};
/* End XCConfigurationList section */
	};
	rootObject = 8524865B23B3BCF600E7D26F /* Project object */;
}
